
Microsoft Visual Studio Solution File, Format Version 12.00
# Visual Studio Version 17
VisualStudioVersion = 17.0.31903.59
MinimumVisualStudioVersion = 10.0.40219.1
Project("{8BC9CEB8-8B4A-11D0-8D11-00A0C91BC942}") = "UnicodeString", "UnicodeString\UnicodeString.vcxproj", "{42A7775F-CB46-4DCE-8390-38636256FC2F}"
EndProject
Project("{8BC9CEB8-8B4A-11D0-8D11-00A0C91BC942}") = "TemplateConsole", "TemplateConsole\TemplateConsole.vcxproj", "{44ADDA36-75C6-43D8-8C68-FC2705154B10}"
EndProject
Project("{8BC9CEB8-8B4A-11D0-8D11-00A0C91BC942}") = "StringLooping", "StringLooping\StringLooping.vcxproj", "{83ACFC71-498F-424C-8403-8672A976CC0D}"
EndProject
Project("{8BC9CEB8-8B4A-11D0-8D11-00A0C91BC942}") = "TemplateWindows", "TemplateWindows\TemplateWindows.vcxproj", "{C481CC6D-6B98-482E-B441-2D40F368BE7B}"
EndProject
Project("{8BC9CEB8-8B4A-11D0-8D11-00A0C91BC942}") = "AlphabetPrinting", "AlphabetPrinting\AlphabetPrinting.vcxproj", "{4EA0E2D1-044D-4497-AFC8-4B4B01D18DE2}"
EndProject
Project("{8BC9CEB8-8B4A-11D0-8D11-00A0C91BC942}") = "CallingConventions", "CallingConventions\CallingConventions.vcxproj", "{E311A76E-1793-4989-BF36-6F6F614E533D}"
EndProject
Project("{8BC9CEB8-8B4A-11D0-8D11-00A0C91BC942}") = "Library64", "Library64\Library64.vcxproj", "{5CB08AD4-523C-4FAC-9701-3CA072567D66}"
EndProject
Global
	GlobalSection(SolutionConfigurationPlatforms) = preSolution
		Debug|x64 = Debug|x64
		Debug|x86 = Debug|x86
		Release|x64 = Release|x64
		Release|x86 = Release|x86
	EndGlobalSection
	GlobalSection(ProjectConfigurationPlatforms) = postSolution
		{42A7775F-CB46-4DCE-8390-38636256FC2F}.Debug|x64.ActiveCfg = Debug|x64
		{42A7775F-CB46-4DCE-8390-38636256FC2F}.Debug|x64.Build.0 = Debug|x64
		{42A7775F-CB46-4DCE-8390-38636256FC2F}.Debug|x86.ActiveCfg = Debug|Win32
		{42A7775F-CB46-4DCE-8390-38636256FC2F}.Release|x64.ActiveCfg = Release|x64
		{42A7775F-CB46-4DCE-8390-38636256FC2F}.Release|x64.Build.0 = Release|x64
		{42A7775F-CB46-4DCE-8390-38636256FC2F}.Release|x86.ActiveCfg = Release|Win32
		{44ADDA36-75C6-43D8-8C68-FC2705154B10}.Debug|x64.ActiveCfg = Debug|x64
		{44ADDA36-75C6-43D8-8C68-FC2705154B10}.Debug|x64.Build.0 = Debug|x64
		{44ADDA36-75C6-43D8-8C68-FC2705154B10}.Debug|x86.ActiveCfg = Debug|Win32
		{44ADDA36-75C6-43D8-8C68-FC2705154B10}.Debug|x86.Build.0 = Debug|Win32
		{44ADDA36-75C6-43D8-8C68-FC2705154B10}.Release|x64.ActiveCfg = Release|x64
		{44ADDA36-75C6-43D8-8C68-FC2705154B10}.Release|x64.Build.0 = Release|x64
		{44ADDA36-75C6-43D8-8C68-FC2705154B10}.Release|x86.ActiveCfg = Release|Win32
		{44ADDA36-75C6-43D8-8C68-FC2705154B10}.Release|x86.Build.0 = Release|Win32
		{83ACFC71-498F-424C-8403-8672A976CC0D}.Debug|x64.ActiveCfg = Debug|x64
		{83ACFC71-498F-424C-8403-8672A976CC0D}.Debug|x64.Build.0 = Debug|x64
		{83ACFC71-498F-424C-8403-8672A976CC0D}.Debug|x86.ActiveCfg = Debug|Win32
		{83ACFC71-498F-424C-8403-8672A976CC0D}.Debug|x86.Build.0 = Debug|Win32
		{83ACFC71-498F-424C-8403-8672A976CC0D}.Release|x64.ActiveCfg = Release|x64
		{83ACFC71-498F-424C-8403-8672A976CC0D}.Release|x64.Build.0 = Release|x64
		{83ACFC71-498F-424C-8403-8672A976CC0D}.Release|x86.ActiveCfg = Release|Win32
		{83ACFC71-498F-424C-8403-8672A976CC0D}.Release|x86.Build.0 = Release|Win32
		{C481CC6D-6B98-482E-B441-2D40F368BE7B}.Debug|x64.ActiveCfg = Debug|x64
		{C481CC6D-6B98-482E-B441-2D40F368BE7B}.Debug|x64.Build.0 = Debug|x64
		{C481CC6D-6B98-482E-B441-2D40F368BE7B}.Debug|x86.ActiveCfg = Debug|Win32
		{C481CC6D-6B98-482E-B441-2D40F368BE7B}.Debug|x86.Build.0 = Debug|Win32
		{C481CC6D-6B98-482E-B441-2D40F368BE7B}.Release|x64.ActiveCfg = Release|x64
		{C481CC6D-6B98-482E-B441-2D40F368BE7B}.Release|x64.Build.0 = Release|x64
		{C481CC6D-6B98-482E-B441-2D40F368BE7B}.Release|x86.ActiveCfg = Release|Win32
		{C481CC6D-6B98-482E-B441-2D40F368BE7B}.Release|x86.Build.0 = Release|Win32
		{4EA0E2D1-044D-4497-AFC8-4B4B01D18DE2}.Debug|x64.ActiveCfg = Debug|x64
		{4EA0E2D1-044D-4497-AFC8-4B4B01D18DE2}.Debug|x64.Build.0 = Debug|x64
		{4EA0E2D1-044D-4497-AFC8-4B4B01D18DE2}.Debug|x86.ActiveCfg = Debug|Win32
		{4EA0E2D1-044D-4497-AFC8-4B4B01D18DE2}.Debug|x86.Build.0 = Debug|Win32
		{4EA0E2D1-044D-4497-AFC8-4B4B01D18DE2}.Release|x64.ActiveCfg = Release|x64
		{4EA0E2D1-044D-4497-AFC8-4B4B01D18DE2}.Release|x64.Build.0 = Release|x64
		{4EA0E2D1-044D-4497-AFC8-4B4B01D18DE2}.Release|x86.ActiveCfg = Release|Win32
		{4EA0E2D1-044D-4497-AFC8-4B4B01D18DE2}.Release|x86.Build.0 = Release|Win32
		{E311A76E-1793-4989-BF36-6F6F614E533D}.Debug|x64.ActiveCfg = Debug|x64
		{E311A76E-1793-4989-BF36-6F6F614E533D}.Debug|x64.Build.0 = Debug|x64
		{E311A76E-1793-4989-BF36-6F6F614E533D}.Debug|x86.ActiveCfg = Debug|Win32
		{E311A76E-1793-4989-BF36-6F6F614E533D}.Debug|x86.Build.0 = Debug|Win32
		{E311A76E-1793-4989-BF36-6F6F614E533D}.Release|x64.ActiveCfg = Release|x64
		{E311A76E-1793-4989-BF36-6F6F614E533D}.Release|x64.Build.0 = Release|x64
		{E311A76E-1793-4989-BF36-6F6F614E533D}.Release|x86.ActiveCfg = Release|Win32
		{E311A76E-1793-4989-BF36-6F6F614E533D}.Release|x86.Build.0 = Release|Win32
		{5CB08AD4-523C-4FAC-9701-3CA072567D66}.Debug|x64.ActiveCfg = Debug|x64
		{5CB08AD4-523C-4FAC-9701-3CA072567D66}.Debug|x64.Build.0 = Debug|x64
		{5CB08AD4-523C-4FAC-9701-3CA072567D66}.Debug|x86.ActiveCfg = Debug|Win32
		{5CB08AD4-523C-4FAC-9701-3CA072567D66}.Debug|x86.Build.0 = Debug|Win32
		{5CB08AD4-523C-4FAC-9701-3CA072567D66}.Release|x64.ActiveCfg = Release|x64
		{5CB08AD4-523C-4FAC-9701-3CA072567D66}.Release|x64.Build.0 = Release|x64
		{5CB08AD4-523C-4FAC-9701-3CA072567D66}.Release|x86.ActiveCfg = Release|Win32
		{5CB08AD4-523C-4FAC-9701-3CA072567D66}.Release|x86.Build.0 = Release|Win32
	EndGlobalSection
	GlobalSection(SolutionProperties) = preSolution
		HideSolutionNode = FALSE
	EndGlobalSection
	GlobalSection(ExtensibilityGlobals) = postSolution
		SolutionGuid = {78C8A4AE-CBE6-4AF4-B67D-AAAF59BEFE3D}
	EndGlobalSection
EndGlobal
