
Microsoft Visual Studio Solution File, Format Version 12.00
# Visual Studio Version 16
VisualStudioVersion = 16.0.31624.102
MinimumVisualStudioVersion = 10.0.40219.1
Project("{8BC9CEB8-8B4A-11D0-8D11-00A0C91BC942}") = "StringLooping", "AssemblySnippets\AssemblySnippets.vcxproj", "{69F31B22-408D-4917-B143-5C58EC183DC3}"
EndProject
Project("{8BC9CEB8-8B4A-11D0-8D11-00A0C91BC942}") = "UnicodeString", "UnicodeString\UnicodeString.vcxproj", "{42A7775F-CB46-4DCE-8390-38636256FC2F}"
EndProject
Global
	GlobalSection(SolutionConfigurationPlatforms) = preSolution
		Debug|x64 = Debug|x64
		Debug|x86 = Debug|x86
		Release|x64 = Release|x64
		Release|x86 = Release|x86
	EndGlobalSection
	GlobalSection(ProjectConfigurationPlatforms) = postSolution
		{69F31B22-408D-4917-B143-5C58EC183DC3}.Debug|x64.ActiveCfg = Debug|x64
		{69F31B22-408D-4917-B143-5C58EC183DC3}.Debug|x64.Build.0 = Debug|x64
		{69F31B22-408D-4917-B143-5C58EC183DC3}.Debug|x86.ActiveCfg = Debug|Win32
		{69F31B22-408D-4917-B143-5C58EC183DC3}.Release|x64.ActiveCfg = Release|x64
		{69F31B22-408D-4917-B143-5C58EC183DC3}.Release|x64.Build.0 = Release|x64
		{69F31B22-408D-4917-B143-5C58EC183DC3}.Release|x86.ActiveCfg = Release|Win32
		{42A7775F-CB46-4DCE-8390-38636256FC2F}.Debug|x64.ActiveCfg = Debug|x64
		{42A7775F-CB46-4DCE-8390-38636256FC2F}.Debug|x64.Build.0 = Debug|x64
		{42A7775F-CB46-4DCE-8390-38636256FC2F}.Debug|x86.ActiveCfg = Debug|Win32
		{42A7775F-CB46-4DCE-8390-38636256FC2F}.Release|x64.ActiveCfg = Release|x64
		{42A7775F-CB46-4DCE-8390-38636256FC2F}.Release|x64.Build.0 = Release|x64
		{42A7775F-CB46-4DCE-8390-38636256FC2F}.Release|x86.ActiveCfg = Release|Win32
	EndGlobalSection
	GlobalSection(SolutionProperties) = preSolution
		HideSolutionNode = FALSE
	EndGlobalSection
	GlobalSection(ExtensibilityGlobals) = postSolution
		SolutionGuid = {78C8A4AE-CBE6-4AF4-B67D-AAAF59BEFE3D}
	EndGlobalSection
EndGlobal
